
Microsoft Visual Studio Solution File, Format Version 12.00
# Visual Studio Version 17
VisualStudioVersion = 17.0.31903.59
MinimumVisualStudioVersion = 10.0.40219.1
Project("{FAE04EC0-301F-11D3-BF4B-00C04F79EFBC}") = "GameCenterProject", "GameCenterProject\GameCenterProject.csproj", "{3B03AB8F-D2E6-4F26-A162-F833051B3910}"
EndProject
Project("{2150E333-8FDC-42A3-9474-1A3956D46DE8}") = "src", "src", "{827E0CD3-B72D-47B6-A68D-7590B98EB39B}"
EndProject
Project("{FAE04EC0-301F-11D3-BF4B-00C04F79EFBC}") = "GameCenterProject.Infrastructure", "src\GameCenterProject.Infrastructure\GameCenterProject.Infrastructure.csproj", "{2C14F7DE-FF35-4805-B8D9-2ADEB7A0E30C}"
EndProject
Project("{FAE04EC0-301F-11D3-BF4B-00C04F79EFBC}") = "GameCenterProject.Application", "src\GameCenterProject.Application\GameCenterProject.Application.csproj", "{092B1EDA-3253-47F3-9C4F-F6E100EDC807}"
EndProject
Project("{FAE04EC0-301F-11D3-BF4B-00C04F79EFBC}") = "GameCenterProject.Api", "src\GameCenterProject.Api\GameCenterProject.Api.csproj", "{64045A60-1775-4A6E-B3B3-372F96C3AE26}"
EndProject
Project("{FAE04EC0-301F-11D3-BF4B-00C04F79EFBC}") = "GameCenterProject.ProductManager", "src\GameCenterProject.ProductManager\GameCenterProject.ProductManager.csproj", "{C0275B00-9F85-4B78-96B2-8E539AD9B34C}"
EndProject
Global
	GlobalSection(SolutionConfigurationPlatforms) = preSolution
		Debug|Any CPU = Debug|Any CPU
		Debug|x64 = Debug|x64
		Debug|x86 = Debug|x86
		Release|Any CPU = Release|Any CPU
		Release|x64 = Release|x64
		Release|x86 = Release|x86
	EndGlobalSection
	GlobalSection(ProjectConfigurationPlatforms) = postSolution
		{3B03AB8F-D2E6-4F26-A162-F833051B3910}.Debug|Any CPU.ActiveCfg = Debug|Any CPU
		{3B03AB8F-D2E6-4F26-A162-F833051B3910}.Debug|Any CPU.Build.0 = Debug|Any CPU
		{3B03AB8F-D2E6-4F26-A162-F833051B3910}.Debug|x64.ActiveCfg = Debug|Any CPU
		{3B03AB8F-D2E6-4F26-A162-F833051B3910}.Debug|x64.Build.0 = Debug|Any CPU
		{3B03AB8F-D2E6-4F26-A162-F833051B3910}.Debug|x86.ActiveCfg = Debug|Any CPU
		{3B03AB8F-D2E6-4F26-A162-F833051B3910}.Debug|x86.Build.0 = Debug|Any CPU
		{3B03AB8F-D2E6-4F26-A162-F833051B3910}.Release|Any CPU.ActiveCfg = Release|Any CPU
		{3B03AB8F-D2E6-4F26-A162-F833051B3910}.Release|Any CPU.Build.0 = Release|Any CPU
		{3B03AB8F-D2E6-4F26-A162-F833051B3910}.Release|x64.ActiveCfg = Release|Any CPU
		{3B03AB8F-D2E6-4F26-A162-F833051B3910}.Release|x64.Build.0 = Release|Any CPU
		{3B03AB8F-D2E6-4F26-A162-F833051B3910}.Release|x86.ActiveCfg = Release|Any CPU
		{3B03AB8F-D2E6-4F26-A162-F833051B3910}.Release|x86.Build.0 = Release|Any CPU
		{2C14F7DE-FF35-4805-B8D9-2ADEB7A0E30C}.Debug|Any CPU.ActiveCfg = Debug|Any CPU
		{2C14F7DE-FF35-4805-B8D9-2ADEB7A0E30C}.Debug|Any CPU.Build.0 = Debug|Any CPU
		{2C14F7DE-FF35-4805-B8D9-2ADEB7A0E30C}.Debug|x64.ActiveCfg = Debug|Any CPU
		{2C14F7DE-FF35-4805-B8D9-2ADEB7A0E30C}.Debug|x64.Build.0 = Debug|Any CPU
		{2C14F7DE-FF35-4805-B8D9-2ADEB7A0E30C}.Debug|x86.ActiveCfg = Debug|Any CPU
		{2C14F7DE-FF35-4805-B8D9-2ADEB7A0E30C}.Debug|x86.Build.0 = Debug|Any CPU
		{2C14F7DE-FF35-4805-B8D9-2ADEB7A0E30C}.Release|Any CPU.ActiveCfg = Release|Any CPU
		{2C14F7DE-FF35-4805-B8D9-2ADEB7A0E30C}.Release|Any CPU.Build.0 = Release|Any CPU
		{2C14F7DE-FF35-4805-B8D9-2ADEB7A0E30C}.Release|x64.ActiveCfg = Release|Any CPU
		{2C14F7DE-FF35-4805-B8D9-2ADEB7A0E30C}.Release|x64.Build.0 = Release|Any CPU
		{2C14F7DE-FF35-4805-B8D9-2ADEB7A0E30C}.Release|x86.ActiveCfg = Release|Any CPU
		{2C14F7DE-FF35-4805-B8D9-2ADEB7A0E30C}.Release|x86.Build.0 = Release|Any CPU
		{092B1EDA-3253-47F3-9C4F-F6E100EDC807}.Debug|Any CPU.ActiveCfg = Debug|Any CPU
		{092B1EDA-3253-47F3-9C4F-F6E100EDC807}.Debug|Any CPU.Build.0 = Debug|Any CPU
		{092B1EDA-3253-47F3-9C4F-F6E100EDC807}.Debug|x64.ActiveCfg = Debug|Any CPU
		{092B1EDA-3253-47F3-9C4F-F6E100EDC807}.Debug|x64.Build.0 = Debug|Any CPU
		{092B1EDA-3253-47F3-9C4F-F6E100EDC807}.Debug|x86.ActiveCfg = Debug|Any CPU
		{092B1EDA-3253-47F3-9C4F-F6E100EDC807}.Debug|x86.Build.0 = Debug|Any CPU
		{092B1EDA-3253-47F3-9C4F-F6E100EDC807}.Release|Any CPU.ActiveCfg = Release|Any CPU
		{092B1EDA-3253-47F3-9C4F-F6E100EDC807}.Release|Any CPU.Build.0 = Release|Any CPU
		{092B1EDA-3253-47F3-9C4F-F6E100EDC807}.Release|x64.ActiveCfg = Release|Any CPU
		{092B1EDA-3253-47F3-9C4F-F6E100EDC807}.Release|x64.Build.0 = Release|Any CPU
		{092B1EDA-3253-47F3-9C4F-F6E100EDC807}.Release|x86.ActiveCfg = Release|Any CPU
		{092B1EDA-3253-47F3-9C4F-F6E100EDC807}.Release|x86.Build.0 = Release|Any CPU
		{64045A60-1775-4A6E-B3B3-372F96C3AE26}.Debug|Any CPU.ActiveCfg = Debug|Any CPU
		{64045A60-1775-4A6E-B3B3-372F96C3AE26}.Debug|Any CPU.Build.0 = Debug|Any CPU
		{64045A60-1775-4A6E-B3B3-372F96C3AE26}.Debug|x64.ActiveCfg = Debug|Any CPU
		{64045A60-1775-4A6E-B3B3-372F96C3AE26}.Debug|x64.Build.0 = Debug|Any CPU
		{64045A60-1775-4A6E-B3B3-372F96C3AE26}.Debug|x86.ActiveCfg = Debug|Any CPU
		{64045A60-1775-4A6E-B3B3-372F96C3AE26}.Debug|x86.Build.0 = Debug|Any CPU
		{64045A60-1775-4A6E-B3B3-372F96C3AE26}.Release|Any CPU.ActiveCfg = Release|Any CPU
		{64045A60-1775-4A6E-B3B3-372F96C3AE26}.Release|Any CPU.Build.0 = Release|Any CPU
		{64045A60-1775-4A6E-B3B3-372F96C3AE26}.Release|x64.ActiveCfg = Release|Any CPU
		{64045A60-1775-4A6E-B3B3-372F96C3AE26}.Release|x64.Build.0 = Release|Any CPU
		{64045A60-1775-4A6E-B3B3-372F96C3AE26}.Release|x86.ActiveCfg = Release|Any CPU
		{64045A60-1775-4A6E-B3B3-372F96C3AE26}.Release|x86.Build.0 = Release|Any CPU
		{C0275B00-9F85-4B78-96B2-8E539AD9B34C}.Debug|Any CPU.ActiveCfg = Debug|Any CPU
		{C0275B00-9F85-4B78-96B2-8E539AD9B34C}.Debug|Any CPU.Build.0 = Debug|Any CPU
		{C0275B00-9F85-4B78-96B2-8E539AD9B34C}.Debug|x64.ActiveCfg = Debug|Any CPU
		{C0275B00-9F85-4B78-96B2-8E539AD9B34C}.Debug|x64.Build.0 = Debug|Any CPU
		{C0275B00-9F85-4B78-96B2-8E539AD9B34C}.Debug|x86.ActiveCfg = Debug|Any CPU
		{C0275B00-9F85-4B78-96B2-8E539AD9B34C}.Debug|x86.Build.0 = Debug|Any CPU
		{C0275B00-9F85-4B78-96B2-8E539AD9B34C}.Release|Any CPU.ActiveCfg = Release|Any CPU
		{C0275B00-9F85-4B78-96B2-8E539AD9B34C}.Release|Any CPU.Build.0 = Release|Any CPU
		{C0275B00-9F85-4B78-96B2-8E539AD9B34C}.Release|x64.ActiveCfg = Release|Any CPU
		{C0275B00-9F85-4B78-96B2-8E539AD9B34C}.Release|x64.Build.0 = Release|Any CPU
		{C0275B00-9F85-4B78-96B2-8E539AD9B34C}.Release|x86.ActiveCfg = Release|Any CPU
		{C0275B00-9F85-4B78-96B2-8E539AD9B34C}.Release|x86.Build.0 = Release|Any CPU
	EndGlobalSection
	GlobalSection(SolutionProperties) = preSolution
		HideSolutionNode = FALSE
	EndGlobalSection
	GlobalSection(NestedProjects) = preSolution
		{2C14F7DE-FF35-4805-B8D9-2ADEB7A0E30C} = {827E0CD3-B72D-47B6-A68D-7590B98EB39B}
		{092B1EDA-3253-47F3-9C4F-F6E100EDC807} = {827E0CD3-B72D-47B6-A68D-7590B98EB39B}
		{64045A60-1775-4A6E-B3B3-372F96C3AE26} = {827E0CD3-B72D-47B6-A68D-7590B98EB39B}
		{C0275B00-9F85-4B78-96B2-8E539AD9B34C} = {827E0CD3-B72D-47B6-A68D-7590B98EB39B}
	EndGlobalSection
EndGlobal
